
Microsoft Visual Studio Solution File, Format Version 12.00
# Visual Studio 15
VisualStudioVersion = 15.0.26124.0
MinimumVisualStudioVersion = 15.0.26124.0
Project("{2150E333-8FDC-42A3-9474-1A3956D46DE8}") = "src", "src", "{E69C101E-80D3-4F0B-A9FD-6B6E02D76D73}"
EndProject
Project("{2150E333-8FDC-42A3-9474-1A3956D46DE8}") = "test", "test", "{4800D0AD-843F-48CA-84D1-13680C4FC235}"
EndProject
Project("{2150E333-8FDC-42A3-9474-1A3956D46DE8}") = "unit-tests", "unit-tests", "{440F5537-A7E2-4076-BD28-348574B4BEA9}"
EndProject
Project("{9A19103F-16F7-4668-BE54-9A1E7A4F7556}") = "NResult", "src\NResult\NResult.csproj", "{D3B2E2F4-82CE-41AD-B5E2-678F92498ABD}"
EndProject
Project("{9A19103F-16F7-4668-BE54-9A1E7A4F7556}") = "NResult.Tests", "test\unit-tests\NResult.Tests\NResult.Tests.csproj", "{56FF3D52-ADC8-41A0-BA75-A6F2D69401C9}"
EndProject
Project("{2150E333-8FDC-42A3-9474-1A3956D46DE8}") = "build", "build", "{453B511F-59B0-483E-A252-C7C015FECCA8}"
	ProjectSection(SolutionItems) = preProject
		build\azure-pipelines.yml = build\azure-pipelines.yml
		build\build.ps1 = build\build.ps1
		build\build.yml = build\build.yml
	EndProjectSection
EndProject
Project("{2150E333-8FDC-42A3-9474-1A3956D46DE8}") = "meta", "meta", "{FFD7CD97-B5D8-4901-B1F4-93CD5DAC9C31}"
	ProjectSection(SolutionItems) = preProject
		.gitignore = .gitignore
		LICENSE = LICENSE
		README.md = README.md
	EndProjectSection
EndProject
Global
	GlobalSection(SolutionConfigurationPlatforms) = preSolution
		Debug|Any CPU = Debug|Any CPU
		Debug|x64 = Debug|x64
		Debug|x86 = Debug|x86
		Release|Any CPU = Release|Any CPU
		Release|x64 = Release|x64
		Release|x86 = Release|x86
	EndGlobalSection
	GlobalSection(ProjectConfigurationPlatforms) = postSolution
		{D3B2E2F4-82CE-41AD-B5E2-678F92498ABD}.Debug|Any CPU.ActiveCfg = Debug|Any CPU
		{D3B2E2F4-82CE-41AD-B5E2-678F92498ABD}.Debug|Any CPU.Build.0 = Debug|Any CPU
		{D3B2E2F4-82CE-41AD-B5E2-678F92498ABD}.Debug|x64.ActiveCfg = Debug|Any CPU
		{D3B2E2F4-82CE-41AD-B5E2-678F92498ABD}.Debug|x64.Build.0 = Debug|Any CPU
		{D3B2E2F4-82CE-41AD-B5E2-678F92498ABD}.Debug|x86.ActiveCfg = Debug|Any CPU
		{D3B2E2F4-82CE-41AD-B5E2-678F92498ABD}.Debug|x86.Build.0 = Debug|Any CPU
		{D3B2E2F4-82CE-41AD-B5E2-678F92498ABD}.Release|Any CPU.ActiveCfg = Release|Any CPU
		{D3B2E2F4-82CE-41AD-B5E2-678F92498ABD}.Release|Any CPU.Build.0 = Release|Any CPU
		{D3B2E2F4-82CE-41AD-B5E2-678F92498ABD}.Release|x64.ActiveCfg = Release|Any CPU
		{D3B2E2F4-82CE-41AD-B5E2-678F92498ABD}.Release|x64.Build.0 = Release|Any CPU
		{D3B2E2F4-82CE-41AD-B5E2-678F92498ABD}.Release|x86.ActiveCfg = Release|Any CPU
		{D3B2E2F4-82CE-41AD-B5E2-678F92498ABD}.Release|x86.Build.0 = Release|Any CPU
		{56FF3D52-ADC8-41A0-BA75-A6F2D69401C9}.Debug|Any CPU.ActiveCfg = Debug|Any CPU
		{56FF3D52-ADC8-41A0-BA75-A6F2D69401C9}.Debug|Any CPU.Build.0 = Debug|Any CPU
		{56FF3D52-ADC8-41A0-BA75-A6F2D69401C9}.Debug|x64.ActiveCfg = Debug|Any CPU
		{56FF3D52-ADC8-41A0-BA75-A6F2D69401C9}.Debug|x64.Build.0 = Debug|Any CPU
		{56FF3D52-ADC8-41A0-BA75-A6F2D69401C9}.Debug|x86.ActiveCfg = Debug|Any CPU
		{56FF3D52-ADC8-41A0-BA75-A6F2D69401C9}.Debug|x86.Build.0 = Debug|Any CPU
		{56FF3D52-ADC8-41A0-BA75-A6F2D69401C9}.Release|Any CPU.ActiveCfg = Release|Any CPU
		{56FF3D52-ADC8-41A0-BA75-A6F2D69401C9}.Release|Any CPU.Build.0 = Release|Any CPU
		{56FF3D52-ADC8-41A0-BA75-A6F2D69401C9}.Release|x64.ActiveCfg = Release|Any CPU
		{56FF3D52-ADC8-41A0-BA75-A6F2D69401C9}.Release|x64.Build.0 = Release|Any CPU
		{56FF3D52-ADC8-41A0-BA75-A6F2D69401C9}.Release|x86.ActiveCfg = Release|Any CPU
		{56FF3D52-ADC8-41A0-BA75-A6F2D69401C9}.Release|x86.Build.0 = Release|Any CPU
	EndGlobalSection
	GlobalSection(SolutionProperties) = preSolution
		HideSolutionNode = FALSE
	EndGlobalSection
	GlobalSection(NestedProjects) = preSolution
		{440F5537-A7E2-4076-BD28-348574B4BEA9} = {4800D0AD-843F-48CA-84D1-13680C4FC235}
		{D3B2E2F4-82CE-41AD-B5E2-678F92498ABD} = {E69C101E-80D3-4F0B-A9FD-6B6E02D76D73}
		{56FF3D52-ADC8-41A0-BA75-A6F2D69401C9} = {440F5537-A7E2-4076-BD28-348574B4BEA9}
	EndGlobalSection
	GlobalSection(ExtensibilityGlobals) = postSolution
		SolutionGuid = {9BAB5919-8899-4098-A5DE-501F55F26733}
	EndGlobalSection
EndGlobal
